// !$*UTF8*$!
{
	archiveVersion = 1;
	classes = {
	};
	objectVersion = 51;
	objects = {

/* Begin PBXBuildFile section */
		51630B2434D53A0A16281022 /* Pods_StarsCommunityNews.framework in Frameworks */ = {isa = PBXBuildFile; fileRef = 3F4112FC0291AB182C450D9A /* Pods_StarsCommunityNews.framework */; };
		834CE297A20065B329F37E57 /* Pods_StarsCommunityNewsTests.framework in Frameworks */ = {isa = PBXBuildFile; fileRef = 41AB11BE88D8A22845B8D79E /* Pods_StarsCommunityNewsTests.framework */; };
		858F839C9A8AEFF230745EF2 /* Pods_StarsCommunityNewsUITests.framework in Frameworks */ = {isa = PBXBuildFile; fileRef = 8362E442A23C59E74446F58B /* Pods_StarsCommunityNewsUITests.framework */; };
		F183D71422F25F01009EEF67 /* AppDelegate.swift in Sources */ = {isa = PBXBuildFile; fileRef = F183D71322F25F01009EEF67 /* AppDelegate.swift */; };
		F183D71B22F25F02009EEF67 /* Main.storyboard in Resources */ = {isa = PBXBuildFile; fileRef = F183D71922F25F02009EEF67 /* Main.storyboard */; };
		F183D71D22F25F02009EEF67 /* Assets.xcassets in Resources */ = {isa = PBXBuildFile; fileRef = F183D71C22F25F02009EEF67 /* Assets.xcassets */; };
		F183D72022F25F02009EEF67 /* LaunchScreen.storyboard in Resources */ = {isa = PBXBuildFile; fileRef = F183D71E22F25F02009EEF67 /* LaunchScreen.storyboard */; };
		F183D72B22F25F02009EEF67 /* StarsCommunityNewsTests.swift in Sources */ = {isa = PBXBuildFile; fileRef = F183D72A22F25F02009EEF67 /* StarsCommunityNewsTests.swift */; };
		F183D73622F25F02009EEF67 /* StarsCommunityNewsUITests.swift in Sources */ = {isa = PBXBuildFile; fileRef = F183D73522F25F02009EEF67 /* StarsCommunityNewsUITests.swift */; };
		F183D74422F26049009EEF67 /* MainTabbarViewController.swift in Sources */ = {isa = PBXBuildFile; fileRef = F183D74322F26049009EEF67 /* MainTabbarViewController.swift */; };
		F19F049922F28AEB0033BA0F /* ArticlesModel.swift in Sources */ = {isa = PBXBuildFile; fileRef = F19F049822F28AEB0033BA0F /* ArticlesModel.swift */; };
		F19F049B22F2AAA30033BA0F /* ArticleListTableViewController.swift in Sources */ = {isa = PBXBuildFile; fileRef = F19F049A22F2AAA30033BA0F /* ArticleListTableViewController.swift */; };
		F19F049D22F2BD9D0033BA0F /* ArticleCollectionViewController.swift in Sources */ = {isa = PBXBuildFile; fileRef = F19F049C22F2BD9D0033BA0F /* ArticleCollectionViewController.swift */; };
/* End PBXBuildFile section */

/* Begin PBXContainerItemProxy section */
		F183D72722F25F02009EEF67 /* PBXContainerItemProxy */ = {
			isa = PBXContainerItemProxy;
			containerPortal = F183D70822F25F01009EEF67 /* Project object */;
			proxyType = 1;
			remoteGlobalIDString = F183D70F22F25F01009EEF67;
			remoteInfo = StarsCommunityNews;
		};
		F183D73222F25F02009EEF67 /* PBXContainerItemProxy */ = {
			isa = PBXContainerItemProxy;
			containerPortal = F183D70822F25F01009EEF67 /* Project object */;
			proxyType = 1;
			remoteGlobalIDString = F183D70F22F25F01009EEF67;
			remoteInfo = StarsCommunityNews;
		};
/* End PBXContainerItemProxy section */

/* Begin PBXFileReference section */
		173E96F00CEBB2EAA6BADB09 /* Pods-StarsCommunityNewsTests.release.xcconfig */ = {isa = PBXFileReference; includeInIndex = 1; lastKnownFileType = text.xcconfig; name = "Pods-StarsCommunityNewsTests.release.xcconfig"; path = "Target Support Files/Pods-StarsCommunityNewsTests/Pods-StarsCommunityNewsTests.release.xcconfig"; sourceTree = "<group>"; };
		1ACA57990D68A5ECA8EC6DCF /* Pods-StarsCommunityNewsUITests.release.xcconfig */ = {isa = PBXFileReference; includeInIndex = 1; lastKnownFileType = text.xcconfig; name = "Pods-StarsCommunityNewsUITests.release.xcconfig"; path = "Target Support Files/Pods-StarsCommunityNewsUITests/Pods-StarsCommunityNewsUITests.release.xcconfig"; sourceTree = "<group>"; };
		3F4112FC0291AB182C450D9A /* Pods_StarsCommunityNews.framework */ = {isa = PBXFileReference; explicitFileType = wrapper.framework; includeInIndex = 0; path = Pods_StarsCommunityNews.framework; sourceTree = BUILT_PRODUCTS_DIR; };
		41AB11BE88D8A22845B8D79E /* Pods_StarsCommunityNewsTests.framework */ = {isa = PBXFileReference; explicitFileType = wrapper.framework; includeInIndex = 0; path = Pods_StarsCommunityNewsTests.framework; sourceTree = BUILT_PRODUCTS_DIR; };
		64807639B252D37F146B8344 /* Pods-StarsCommunityNews.release.xcconfig */ = {isa = PBXFileReference; includeInIndex = 1; lastKnownFileType = text.xcconfig; name = "Pods-StarsCommunityNews.release.xcconfig"; path = "Target Support Files/Pods-StarsCommunityNews/Pods-StarsCommunityNews.release.xcconfig"; sourceTree = "<group>"; };
		8362E442A23C59E74446F58B /* Pods_StarsCommunityNewsUITests.framework */ = {isa = PBXFileReference; explicitFileType = wrapper.framework; includeInIndex = 0; path = Pods_StarsCommunityNewsUITests.framework; sourceTree = BUILT_PRODUCTS_DIR; };
		9744C29540C7433698626D42 /* Pods-StarsCommunityNewsUITests.debug.xcconfig */ = {isa = PBXFileReference; includeInIndex = 1; lastKnownFileType = text.xcconfig; name = "Pods-StarsCommunityNewsUITests.debug.xcconfig"; path = "Target Support Files/Pods-StarsCommunityNewsUITests/Pods-StarsCommunityNewsUITests.debug.xcconfig"; sourceTree = "<group>"; };
		B4472B4129D63049A9F9964D /* Pods-StarsCommunityNews.debug.xcconfig */ = {isa = PBXFileReference; includeInIndex = 1; lastKnownFileType = text.xcconfig; name = "Pods-StarsCommunityNews.debug.xcconfig"; path = "Target Support Files/Pods-StarsCommunityNews/Pods-StarsCommunityNews.debug.xcconfig"; sourceTree = "<group>"; };
		EA918C5F1EF873D7544B3DCD /* Pods-StarsCommunityNewsTests.debug.xcconfig */ = {isa = PBXFileReference; includeInIndex = 1; lastKnownFileType = text.xcconfig; name = "Pods-StarsCommunityNewsTests.debug.xcconfig"; path = "Target Support Files/Pods-StarsCommunityNewsTests/Pods-StarsCommunityNewsTests.debug.xcconfig"; sourceTree = "<group>"; };
		F183D71022F25F01009EEF67 /* StarsCommunityNews.app */ = {isa = PBXFileReference; explicitFileType = wrapper.application; includeInIndex = 0; path = StarsCommunityNews.app; sourceTree = BUILT_PRODUCTS_DIR; };
		F183D71322F25F01009EEF67 /* AppDelegate.swift */ = {isa = PBXFileReference; lastKnownFileType = sourcecode.swift; path = AppDelegate.swift; sourceTree = "<group>"; };
		F183D71A22F25F02009EEF67 /* Base */ = {isa = PBXFileReference; lastKnownFileType = file.storyboard; name = Base; path = Base.lproj/Main.storyboard; sourceTree = "<group>"; };
		F183D71C22F25F02009EEF67 /* Assets.xcassets */ = {isa = PBXFileReference; lastKnownFileType = folder.assetcatalog; path = Assets.xcassets; sourceTree = "<group>"; };
		F183D71F22F25F02009EEF67 /* Base */ = {isa = PBXFileReference; lastKnownFileType = file.storyboard; name = Base; path = Base.lproj/LaunchScreen.storyboard; sourceTree = "<group>"; };
		F183D72122F25F02009EEF67 /* Info.plist */ = {isa = PBXFileReference; lastKnownFileType = text.plist.xml; path = Info.plist; sourceTree = "<group>"; };
		F183D72622F25F02009EEF67 /* StarsCommunityNewsTests.xctest */ = {isa = PBXFileReference; explicitFileType = wrapper.cfbundle; includeInIndex = 0; path = StarsCommunityNewsTests.xctest; sourceTree = BUILT_PRODUCTS_DIR; };
		F183D72A22F25F02009EEF67 /* StarsCommunityNewsTests.swift */ = {isa = PBXFileReference; lastKnownFileType = sourcecode.swift; path = StarsCommunityNewsTests.swift; sourceTree = "<group>"; };
		F183D72C22F25F02009EEF67 /* Info.plist */ = {isa = PBXFileReference; lastKnownFileType = text.plist.xml; path = Info.plist; sourceTree = "<group>"; };
		F183D73122F25F02009EEF67 /* StarsCommunityNewsUITests.xctest */ = {isa = PBXFileReference; explicitFileType = wrapper.cfbundle; includeInIndex = 0; path = StarsCommunityNewsUITests.xctest; sourceTree = BUILT_PRODUCTS_DIR; };
		F183D73522F25F02009EEF67 /* StarsCommunityNewsUITests.swift */ = {isa = PBXFileReference; lastKnownFileType = sourcecode.swift; path = StarsCommunityNewsUITests.swift; sourceTree = "<group>"; };
		F183D73722F25F02009EEF67 /* Info.plist */ = {isa = PBXFileReference; lastKnownFileType = text.plist.xml; path = Info.plist; sourceTree = "<group>"; };
		F183D74322F26049009EEF67 /* MainTabbarViewController.swift */ = {isa = PBXFileReference; lastKnownFileType = sourcecode.swift; path = MainTabbarViewController.swift; sourceTree = "<group>"; };
		F19F049822F28AEB0033BA0F /* ArticlesModel.swift */ = {isa = PBXFileReference; lastKnownFileType = sourcecode.swift; path = ArticlesModel.swift; sourceTree = "<group>"; };
		F19F049A22F2AAA30033BA0F /* ArticleListTableViewController.swift */ = {isa = PBXFileReference; lastKnownFileType = sourcecode.swift; path = ArticleListTableViewController.swift; sourceTree = "<group>"; };
		F19F049C22F2BD9D0033BA0F /* ArticleCollectionViewController.swift */ = {isa = PBXFileReference; lastKnownFileType = sourcecode.swift; path = ArticleCollectionViewController.swift; sourceTree = "<group>"; };
/* End PBXFileReference section */

/* Begin PBXFrameworksBuildPhase section */
		F183D70D22F25F01009EEF67 /* Frameworks */ = {
			isa = PBXFrameworksBuildPhase;
			buildActionMask = 2147483647;
			files = (
				51630B2434D53A0A16281022 /* Pods_StarsCommunityNews.framework in Frameworks */,
			);
			runOnlyForDeploymentPostprocessing = 0;
		};
		F183D72322F25F02009EEF67 /* Frameworks */ = {
			isa = PBXFrameworksBuildPhase;
			buildActionMask = 2147483647;
			files = (
				834CE297A20065B329F37E57 /* Pods_StarsCommunityNewsTests.framework in Frameworks */,
			);
			runOnlyForDeploymentPostprocessing = 0;
		};
		F183D72E22F25F02009EEF67 /* Frameworks */ = {
			isa = PBXFrameworksBuildPhase;
			buildActionMask = 2147483647;
			files = (
				858F839C9A8AEFF230745EF2 /* Pods_StarsCommunityNewsUITests.framework in Frameworks */,
			);
			runOnlyForDeploymentPostprocessing = 0;
		};
/* End PBXFrameworksBuildPhase section */

/* Begin PBXGroup section */
		A60988CFC80CAAF0E63ECAF0 /* Pods */ = {
			isa = PBXGroup;
			children = (
				B4472B4129D63049A9F9964D /* Pods-StarsCommunityNews.debug.xcconfig */,
				64807639B252D37F146B8344 /* Pods-StarsCommunityNews.release.xcconfig */,
				EA918C5F1EF873D7544B3DCD /* Pods-StarsCommunityNewsTests.debug.xcconfig */,
				173E96F00CEBB2EAA6BADB09 /* Pods-StarsCommunityNewsTests.release.xcconfig */,
				9744C29540C7433698626D42 /* Pods-StarsCommunityNewsUITests.debug.xcconfig */,
				1ACA57990D68A5ECA8EC6DCF /* Pods-StarsCommunityNewsUITests.release.xcconfig */,
			);
			path = Pods;
			sourceTree = "<group>";
		};
		F183D70722F25F01009EEF67 = {
			isa = PBXGroup;
			children = (
				F183D71222F25F01009EEF67 /* StarsCommunityNews */,
				F183D72922F25F02009EEF67 /* StarsCommunityNewsTests */,
				F183D73422F25F02009EEF67 /* StarsCommunityNewsUITests */,
				F183D71122F25F01009EEF67 /* Products */,
				A60988CFC80CAAF0E63ECAF0 /* Pods */,
				F571392E8CC01F5553CD0612 /* Frameworks */,
			);
			sourceTree = "<group>";
		};
		F183D71122F25F01009EEF67 /* Products */ = {
			isa = PBXGroup;
			children = (
				F183D71022F25F01009EEF67 /* StarsCommunityNews.app */,
				F183D72622F25F02009EEF67 /* StarsCommunityNewsTests.xctest */,
				F183D73122F25F02009EEF67 /* StarsCommunityNewsUITests.xctest */,
			);
			name = Products;
			sourceTree = "<group>";
		};
		F183D71222F25F01009EEF67 /* StarsCommunityNews */ = {
			isa = PBXGroup;
			children = (
				F183D71322F25F01009EEF67 /* AppDelegate.swift */,
				F19F049822F28AEB0033BA0F /* ArticlesModel.swift */,
				F19F049A22F2AAA30033BA0F /* ArticleListTableViewController.swift */,
				F19F049C22F2BD9D0033BA0F /* ArticleCollectionViewController.swift */,
				F183D74322F26049009EEF67 /* MainTabbarViewController.swift */,
				F183D71922F25F02009EEF67 /* Main.storyboard */,
				F183D71C22F25F02009EEF67 /* Assets.xcassets */,
				F183D71E22F25F02009EEF67 /* LaunchScreen.storyboard */,
				F183D72122F25F02009EEF67 /* Info.plist */,
			);
			path = StarsCommunityNews;
			sourceTree = "<group>";
		};
		F183D72922F25F02009EEF67 /* StarsCommunityNewsTests */ = {
			isa = PBXGroup;
			children = (
				F183D72A22F25F02009EEF67 /* StarsCommunityNewsTests.swift */,
				F183D72C22F25F02009EEF67 /* Info.plist */,
			);
			path = StarsCommunityNewsTests;
			sourceTree = "<group>";
		};
		F183D73422F25F02009EEF67 /* StarsCommunityNewsUITests */ = {
			isa = PBXGroup;
			children = (
				F183D73522F25F02009EEF67 /* StarsCommunityNewsUITests.swift */,
				F183D73722F25F02009EEF67 /* Info.plist */,
			);
			path = StarsCommunityNewsUITests;
			sourceTree = "<group>";
		};
		F571392E8CC01F5553CD0612 /* Frameworks */ = {
			isa = PBXGroup;
			children = (
				3F4112FC0291AB182C450D9A /* Pods_StarsCommunityNews.framework */,
				41AB11BE88D8A22845B8D79E /* Pods_StarsCommunityNewsTests.framework */,
				8362E442A23C59E74446F58B /* Pods_StarsCommunityNewsUITests.framework */,
			);
			name = Frameworks;
			sourceTree = "<group>";
		};
/* End PBXGroup section */

/* Begin PBXNativeTarget section */
		F183D70F22F25F01009EEF67 /* StarsCommunityNews */ = {
			isa = PBXNativeTarget;
			buildConfigurationList = F183D73A22F25F02009EEF67 /* Build configuration list for PBXNativeTarget "StarsCommunityNews" */;
			buildPhases = (
				BBDECCA788BB26E246CDDB9F /* [CP] Check Pods Manifest.lock */,
				F183D70C22F25F01009EEF67 /* Sources */,
				F183D70D22F25F01009EEF67 /* Frameworks */,
				F183D70E22F25F01009EEF67 /* Resources */,
				A06934EF58EB6CBEBD20A8EA /* [CP] Embed Pods Frameworks */,
			);
			buildRules = (
			);
			dependencies = (
			);
			name = StarsCommunityNews;
			productName = StarsCommunityNews;
			productReference = F183D71022F25F01009EEF67 /* StarsCommunityNews.app */;
			productType = "com.apple.product-type.application";
		};
		F183D72522F25F02009EEF67 /* StarsCommunityNewsTests */ = {
			isa = PBXNativeTarget;
			buildConfigurationList = F183D73D22F25F02009EEF67 /* Build configuration list for PBXNativeTarget "StarsCommunityNewsTests" */;
			buildPhases = (
				92841C3184869FCAEDC2E987 /* [CP] Check Pods Manifest.lock */,
				F183D72222F25F02009EEF67 /* Sources */,
				F183D72322F25F02009EEF67 /* Frameworks */,
				F183D72422F25F02009EEF67 /* Resources */,
			);
			buildRules = (
			);
			dependencies = (
				F183D72822F25F02009EEF67 /* PBXTargetDependency */,
			);
			name = StarsCommunityNewsTests;
			productName = StarsCommunityNewsTests;
			productReference = F183D72622F25F02009EEF67 /* StarsCommunityNewsTests.xctest */;
			productType = "com.apple.product-type.bundle.unit-test";
		};
		F183D73022F25F02009EEF67 /* StarsCommunityNewsUITests */ = {
			isa = PBXNativeTarget;
			buildConfigurationList = F183D74022F25F02009EEF67 /* Build configuration list for PBXNativeTarget "StarsCommunityNewsUITests" */;
			buildPhases = (
				4AED45E2B8E2CDC296FA601D /* [CP] Check Pods Manifest.lock */,
				F183D72D22F25F02009EEF67 /* Sources */,
				F183D72E22F25F02009EEF67 /* Frameworks */,
				F183D72F22F25F02009EEF67 /* Resources */,
			);
			buildRules = (
			);
			dependencies = (
				F183D73322F25F02009EEF67 /* PBXTargetDependency */,
			);
			name = StarsCommunityNewsUITests;
			productName = StarsCommunityNewsUITests;
			productReference = F183D73122F25F02009EEF67 /* StarsCommunityNewsUITests.xctest */;
			productType = "com.apple.product-type.bundle.ui-testing";
		};
/* End PBXNativeTarget section */

/* Begin PBXProject section */
		F183D70822F25F01009EEF67 /* Project object */ = {
			isa = PBXProject;
			attributes = {
				LastSwiftUpdateCheck = 1020;
				LastUpgradeCheck = 1020;
				ORGANIZATIONNAME = "Yamada, Masaya";
				TargetAttributes = {
					F183D70F22F25F01009EEF67 = {
						CreatedOnToolsVersion = 10.2.1;
					};
					F183D72522F25F02009EEF67 = {
						CreatedOnToolsVersion = 10.2.1;
						TestTargetID = F183D70F22F25F01009EEF67;
					};
					F183D73022F25F02009EEF67 = {
						CreatedOnToolsVersion = 10.2.1;
						TestTargetID = F183D70F22F25F01009EEF67;
					};
				};
			};
			buildConfigurationList = F183D70B22F25F01009EEF67 /* Build configuration list for PBXProject "StarsCommunityNews" */;
			compatibilityVersion = "Xcode 9.3";
			developmentRegion = en;
			hasScannedForEncodings = 0;
			knownRegions = (
				en,
				Base,
			);
			mainGroup = F183D70722F25F01009EEF67;
			productRefGroup = F183D71122F25F01009EEF67 /* Products */;
			projectDirPath = "";
			projectRoot = "";
			targets = (
				F183D70F22F25F01009EEF67 /* StarsCommunityNews */,
				F183D72522F25F02009EEF67 /* StarsCommunityNewsTests */,
				F183D73022F25F02009EEF67 /* StarsCommunityNewsUITests */,
			);
		};
/* End PBXProject section */

/* Begin PBXResourcesBuildPhase section */
		F183D70E22F25F01009EEF67 /* Resources */ = {
			isa = PBXResourcesBuildPhase;
			buildActionMask = 2147483647;
			files = (
				F183D72022F25F02009EEF67 /* LaunchScreen.storyboard in Resources */,
				F183D71D22F25F02009EEF67 /* Assets.xcassets in Resources */,
				F183D71B22F25F02009EEF67 /* Main.storyboard in Resources */,
			);
			runOnlyForDeploymentPostprocessing = 0;
		};
		F183D72422F25F02009EEF67 /* Resources */ = {
			isa = PBXResourcesBuildPhase;
			buildActionMask = 2147483647;
			files = (
			);
			runOnlyForDeploymentPostprocessing = 0;
		};
		F183D72F22F25F02009EEF67 /* Resources */ = {
			isa = PBXResourcesBuildPhase;
			buildActionMask = 2147483647;
			files = (
			);
			runOnlyForDeploymentPostprocessing = 0;
		};
/* End PBXResourcesBuildPhase section */

/* Begin PBXShellScriptBuildPhase section */
		4AED45E2B8E2CDC296FA601D /* [CP] Check Pods Manifest.lock */ = {
			isa = PBXShellScriptBuildPhase;
			buildActionMask = 2147483647;
			files = (
			);
			inputFileListPaths = (
			);
			inputPaths = (
				"${PODS_PODFILE_DIR_PATH}/Podfile.lock",
				"${PODS_ROOT}/Manifest.lock",
			);
			name = "[CP] Check Pods Manifest.lock";
			outputFileListPaths = (
			);
			outputPaths = (
				"$(DERIVED_FILE_DIR)/Pods-StarsCommunityNewsUITests-checkManifestLockResult.txt",
			);
			runOnlyForDeploymentPostprocessing = 0;
			shellPath = /bin/sh;
			shellScript = "diff \"${PODS_PODFILE_DIR_PATH}/Podfile.lock\" \"${PODS_ROOT}/Manifest.lock\" > /dev/null\nif [ $? != 0 ] ; then\n    # print error to STDERR\n    echo \"error: The sandbox is not in sync with the Podfile.lock. Run 'pod install' or update your CocoaPods installation.\" >&2\n    exit 1\nfi\n# This output is used by Xcode 'outputs' to avoid re-running this script phase.\necho \"SUCCESS\" > \"${SCRIPT_OUTPUT_FILE_0}\"\n";
			showEnvVarsInLog = 0;
		};
		92841C3184869FCAEDC2E987 /* [CP] Check Pods Manifest.lock */ = {
			isa = PBXShellScriptBuildPhase;
			buildActionMask = 2147483647;
			files = (
			);
			inputFileListPaths = (
			);
			inputPaths = (
				"${PODS_PODFILE_DIR_PATH}/Podfile.lock",
				"${PODS_ROOT}/Manifest.lock",
			);
			name = "[CP] Check Pods Manifest.lock";
			outputFileListPaths = (
			);
			outputPaths = (
				"$(DERIVED_FILE_DIR)/Pods-StarsCommunityNewsTests-checkManifestLockResult.txt",
			);
			runOnlyForDeploymentPostprocessing = 0;
			shellPath = /bin/sh;
			shellScript = "diff \"${PODS_PODFILE_DIR_PATH}/Podfile.lock\" \"${PODS_ROOT}/Manifest.lock\" > /dev/null\nif [ $? != 0 ] ; then\n    # print error to STDERR\n    echo \"error: The sandbox is not in sync with the Podfile.lock. Run 'pod install' or update your CocoaPods installation.\" >&2\n    exit 1\nfi\n# This output is used by Xcode 'outputs' to avoid re-running this script phase.\necho \"SUCCESS\" > \"${SCRIPT_OUTPUT_FILE_0}\"\n";
			showEnvVarsInLog = 0;
		};
		A06934EF58EB6CBEBD20A8EA /* [CP] Embed Pods Frameworks */ = {
			isa = PBXShellScriptBuildPhase;
			buildActionMask = 2147483647;
			files = (
			);
			inputFileListPaths = (
				"${PODS_ROOT}/Target Support Files/Pods-StarsCommunityNews/Pods-StarsCommunityNews-frameworks-${CONFIGURATION}-input-files.xcfilelist",
			);
			name = "[CP] Embed Pods Frameworks";
			outputFileListPaths = (
				"${PODS_ROOT}/Target Support Files/Pods-StarsCommunityNews/Pods-StarsCommunityNews-frameworks-${CONFIGURATION}-output-files.xcfilelist",
			);
			runOnlyForDeploymentPostprocessing = 0;
			shellPath = /bin/sh;
			shellScript = "\"${PODS_ROOT}/Target Support Files/Pods-StarsCommunityNews/Pods-StarsCommunityNews-frameworks.sh\"\n";
			showEnvVarsInLog = 0;
		};
		BBDECCA788BB26E246CDDB9F /* [CP] Check Pods Manifest.lock */ = {
			isa = PBXShellScriptBuildPhase;
			buildActionMask = 2147483647;
			files = (
			);
			inputFileListPaths = (
			);
			inputPaths = (
				"${PODS_PODFILE_DIR_PATH}/Podfile.lock",
				"${PODS_ROOT}/Manifest.lock",
			);
			name = "[CP] Check Pods Manifest.lock";
			outputFileListPaths = (
			);
			outputPaths = (
				"$(DERIVED_FILE_DIR)/Pods-StarsCommunityNews-checkManifestLockResult.txt",
			);
			runOnlyForDeploymentPostprocessing = 0;
			shellPath = /bin/sh;
			shellScript = "diff \"${PODS_PODFILE_DIR_PATH}/Podfile.lock\" \"${PODS_ROOT}/Manifest.lock\" > /dev/null\nif [ $? != 0 ] ; then\n    # print error to STDERR\n    echo \"error: The sandbox is not in sync with the Podfile.lock. Run 'pod install' or update your CocoaPods installation.\" >&2\n    exit 1\nfi\n# This output is used by Xcode 'outputs' to avoid re-running this script phase.\necho \"SUCCESS\" > \"${SCRIPT_OUTPUT_FILE_0}\"\n";
			showEnvVarsInLog = 0;
		};
/* End PBXShellScriptBuildPhase section */

/* Begin PBXSourcesBuildPhase section */
		F183D70C22F25F01009EEF67 /* Sources */ = {
			isa = PBXSourcesBuildPhase;
			buildActionMask = 2147483647;
			files = (
				F19F049B22F2AAA30033BA0F /* ArticleListTableViewController.swift in Sources */,
				F19F049D22F2BD9D0033BA0F /* ArticleCollectionViewController.swift in Sources */,
				F183D74422F26049009EEF67 /* MainTabbarViewController.swift in Sources */,
				F183D71422F25F01009EEF67 /* AppDelegate.swift in Sources */,
				F19F049922F28AEB0033BA0F /* ArticlesModel.swift in Sources */,
			);
			runOnlyForDeploymentPostprocessing = 0;
		};
		F183D72222F25F02009EEF67 /* Sources */ = {
			isa = PBXSourcesBuildPhase;
			buildActionMask = 2147483647;
			files = (
				F183D72B22F25F02009EEF67 /* StarsCommunityNewsTests.swift in Sources */,
			);
			runOnlyForDeploymentPostprocessing = 0;
		};
		F183D72D22F25F02009EEF67 /* Sources */ = {
			isa = PBXSourcesBuildPhase;
			buildActionMask = 2147483647;
			files = (
				F183D73622F25F02009EEF67 /* StarsCommunityNewsUITests.swift in Sources */,
			);
			runOnlyForDeploymentPostprocessing = 0;
		};
/* End PBXSourcesBuildPhase section */

/* Begin PBXTargetDependency section */
		F183D72822F25F02009EEF67 /* PBXTargetDependency */ = {
			isa = PBXTargetDependency;
			target = F183D70F22F25F01009EEF67 /* StarsCommunityNews */;
			targetProxy = F183D72722F25F02009EEF67 /* PBXContainerItemProxy */;
		};
		F183D73322F25F02009EEF67 /* PBXTargetDependency */ = {
			isa = PBXTargetDependency;
			target = F183D70F22F25F01009EEF67 /* StarsCommunityNews */;
			targetProxy = F183D73222F25F02009EEF67 /* PBXContainerItemProxy */;
		};
/* End PBXTargetDependency section */

/* Begin PBXVariantGroup section */
		F183D71922F25F02009EEF67 /* Main.storyboard */ = {
			isa = PBXVariantGroup;
			children = (
				F183D71A22F25F02009EEF67 /* Base */,
			);
			name = Main.storyboard;
			sourceTree = "<group>";
		};
		F183D71E22F25F02009EEF67 /* LaunchScreen.storyboard */ = {
			isa = PBXVariantGroup;
			children = (
				F183D71F22F25F02009EEF67 /* Base */,
			);
			name = LaunchScreen.storyboard;
			sourceTree = "<group>";
		};
/* End PBXVariantGroup section */

/* Begin XCBuildConfiguration section */
		F183D73822F25F02009EEF67 /* Debug */ = {
			isa = XCBuildConfiguration;
			buildSettings = {
				ALWAYS_SEARCH_USER_PATHS = NO;
				CLANG_ANALYZER_NONNULL = YES;
				CLANG_ANALYZER_NUMBER_OBJECT_CONVERSION = YES_AGGRESSIVE;
				CLANG_CXX_LANGUAGE_STANDARD = "gnu++14";
				CLANG_CXX_LIBRARY = "libc++";
				CLANG_ENABLE_MODULES = YES;
				CLANG_ENABLE_OBJC_ARC = YES;
				CLANG_ENABLE_OBJC_WEAK = YES;
				CLANG_WARN_BLOCK_CAPTURE_AUTORELEASING = YES;
				CLANG_WARN_BOOL_CONVERSION = YES;
				CLANG_WARN_COMMA = YES;
				CLANG_WARN_CONSTANT_CONVERSION = YES;
				CLANG_WARN_DEPRECATED_OBJC_IMPLEMENTATIONS = YES;
				CLANG_WARN_DIRECT_OBJC_ISA_USAGE = YES_ERROR;
				CLANG_WARN_DOCUMENTATION_COMMENTS = YES;
				CLANG_WARN_EMPTY_BODY = YES;
				CLANG_WARN_ENUM_CONVERSION = YES;
				CLANG_WARN_INFINITE_RECURSION = YES;
				CLANG_WARN_INT_CONVERSION = YES;
				CLANG_WARN_NON_LITERAL_NULL_CONVERSION = YES;
				CLANG_WARN_OBJC_IMPLICIT_RETAIN_SELF = YES;
				CLANG_WARN_OBJC_LITERAL_CONVERSION = YES;
				CLANG_WARN_OBJC_ROOT_CLASS = YES_ERROR;
				CLANG_WARN_RANGE_LOOP_ANALYSIS = YES;
				CLANG_WARN_STRICT_PROTOTYPES = YES;
				CLANG_WARN_SUSPICIOUS_MOVE = YES;
				CLANG_WARN_UNGUARDED_AVAILABILITY = YES_AGGRESSIVE;
				CLANG_WARN_UNREACHABLE_CODE = YES;
				CLANG_WARN__DUPLICATE_METHOD_MATCH = YES;
				CODE_SIGN_IDENTITY = "iPhone Developer";
				COPY_PHASE_STRIP = NO;
				DEBUG_INFORMATION_FORMAT = dwarf;
				ENABLE_STRICT_OBJC_MSGSEND = YES;
				ENABLE_TESTABILITY = YES;
				GCC_C_LANGUAGE_STANDARD = gnu11;
				GCC_DYNAMIC_NO_PIC = NO;
				GCC_NO_COMMON_BLOCKS = YES;
				GCC_OPTIMIZATION_LEVEL = 0;
				GCC_PREPROCESSOR_DEFINITIONS = (
					"DEBUG=1",
					"$(inherited)",
				);
				GCC_WARN_64_TO_32_BIT_CONVERSION = YES;
				GCC_WARN_ABOUT_RETURN_TYPE = YES_ERROR;
				GCC_WARN_UNDECLARED_SELECTOR = YES;
				GCC_WARN_UNINITIALIZED_AUTOS = YES_AGGRESSIVE;
				GCC_WARN_UNUSED_FUNCTION = YES;
				GCC_WARN_UNUSED_VARIABLE = YES;
				IPHONEOS_DEPLOYMENT_TARGET = 12.2;
				MTL_ENABLE_DEBUG_INFO = INCLUDE_SOURCE;
				MTL_FAST_MATH = YES;
				ONLY_ACTIVE_ARCH = YES;
				SDKROOT = iphoneos;
				SWIFT_ACTIVE_COMPILATION_CONDITIONS = DEBUG;
				SWIFT_OPTIMIZATION_LEVEL = "-Onone";
			};
			name = Debug;
		};
		F183D73922F25F02009EEF67 /* Release */ = {
			isa = XCBuildConfiguration;
			buildSettings = {
				ALWAYS_SEARCH_USER_PATHS = NO;
				CLANG_ANALYZER_NONNULL = YES;
				CLANG_ANALYZER_NUMBER_OBJECT_CONVERSION = YES_AGGRESSIVE;
				CLANG_CXX_LANGUAGE_STANDARD = "gnu++14";
				CLANG_CXX_LIBRARY = "libc++";
				CLANG_ENABLE_MODULES = YES;
				CLANG_ENABLE_OBJC_ARC = YES;
				CLANG_ENABLE_OBJC_WEAK = YES;
				CLANG_WARN_BLOCK_CAPTURE_AUTORELEASING = YES;
				CLANG_WARN_BOOL_CONVERSION = YES;
				CLANG_WARN_COMMA = YES;
				CLANG_WARN_CONSTANT_CONVERSION = YES;
				CLANG_WARN_DEPRECATED_OBJC_IMPLEMENTATIONS = YES;
				CLANG_WARN_DIRECT_OBJC_ISA_USAGE = YES_ERROR;
				CLANG_WARN_DOCUMENTATION_COMMENTS = YES;
				CLANG_WARN_EMPTY_BODY = YES;
				CLANG_WARN_ENUM_CONVERSION = YES;
				CLANG_WARN_INFINITE_RECURSION = YES;
				CLANG_WARN_INT_CONVERSION = YES;
				CLANG_WARN_NON_LITERAL_NULL_CONVERSION = YES;
				CLANG_WARN_OBJC_IMPLICIT_RETAIN_SELF = YES;
				CLANG_WARN_OBJC_LITERAL_CONVERSION = YES;
				CLANG_WARN_OBJC_ROOT_CLASS = YES_ERROR;
				CLANG_WARN_RANGE_LOOP_ANALYSIS = YES;
				CLANG_WARN_STRICT_PROTOTYPES = YES;
				CLANG_WARN_SUSPICIOUS_MOVE = YES;
				CLANG_WARN_UNGUARDED_AVAILABILITY = YES_AGGRESSIVE;
				CLANG_WARN_UNREACHABLE_CODE = YES;
				CLANG_WARN__DUPLICATE_METHOD_MATCH = YES;
				CODE_SIGN_IDENTITY = "iPhone Developer";
				COPY_PHASE_STRIP = NO;
				DEBUG_INFORMATION_FORMAT = "dwarf-with-dsym";
				ENABLE_NS_ASSERTIONS = NO;
				ENABLE_STRICT_OBJC_MSGSEND = YES;
				GCC_C_LANGUAGE_STANDARD = gnu11;
				GCC_NO_COMMON_BLOCKS = YES;
				GCC_WARN_64_TO_32_BIT_CONVERSION = YES;
				GCC_WARN_ABOUT_RETURN_TYPE = YES_ERROR;
				GCC_WARN_UNDECLARED_SELECTOR = YES;
				GCC_WARN_UNINITIALIZED_AUTOS = YES_AGGRESSIVE;
				GCC_WARN_UNUSED_FUNCTION = YES;
				GCC_WARN_UNUSED_VARIABLE = YES;
				IPHONEOS_DEPLOYMENT_TARGET = 12.2;
				MTL_ENABLE_DEBUG_INFO = NO;
				MTL_FAST_MATH = YES;
				SDKROOT = iphoneos;
				SWIFT_COMPILATION_MODE = wholemodule;
				SWIFT_OPTIMIZATION_LEVEL = "-O";
				VALIDATE_PRODUCT = YES;
			};
			name = Release;
		};
		F183D73B22F25F02009EEF67 /* Debug */ = {
			isa = XCBuildConfiguration;
			baseConfigurationReference = B4472B4129D63049A9F9964D /* Pods-StarsCommunityNews.debug.xcconfig */;
			buildSettings = {
				ASSETCATALOG_COMPILER_APPICON_NAME = AppIcon;
				CODE_SIGN_STYLE = Automatic;
				DEVELOPMENT_TEAM = 52FMEHS7ZM;
				INFOPLIST_FILE = StarsCommunityNews/Info.plist;
				LD_RUNPATH_SEARCH_PATHS = (
					"$(inherited)",
					"@executable_path/Frameworks",
				);
				PRODUCT_BUNDLE_IDENTIFIER = com.starsandstripes.starscommunitynews;
				PRODUCT_NAME = "$(TARGET_NAME)";
				SWIFT_VERSION = 5.0;
				TARGETED_DEVICE_FAMILY = "1,2";
			};
			name = Debug;
		};
		F183D73C22F25F02009EEF67 /* Release */ = {
			isa = XCBuildConfiguration;
			baseConfigurationReference = 64807639B252D37F146B8344 /* Pods-StarsCommunityNews.release.xcconfig */;
			buildSettings = {
				ASSETCATALOG_COMPILER_APPICON_NAME = AppIcon;
				CODE_SIGN_STYLE = Automatic;
				DEVELOPMENT_TEAM = 52FMEHS7ZM;
				INFOPLIST_FILE = StarsCommunityNews/Info.plist;
				LD_RUNPATH_SEARCH_PATHS = (
					"$(inherited)",
					"@executable_path/Frameworks",
				);
				PRODUCT_BUNDLE_IDENTIFIER = com.starsandstripes.starscommunitynews;
				PRODUCT_NAME = "$(TARGET_NAME)";
				SWIFT_VERSION = 5.0;
				TARGETED_DEVICE_FAMILY = "1,2";
			};
			name = Release;
		};
		F183D73E22F25F02009EEF67 /* Debug */ = {
			isa = XCBuildConfiguration;
			baseConfigurationReference = EA918C5F1EF873D7544B3DCD /* Pods-StarsCommunityNewsTests.debug.xcconfig */;
			buildSettings = {
				ALWAYS_EMBED_SWIFT_STANDARD_LIBRARIES = YES;
				BUNDLE_LOADER = "$(TEST_HOST)";
				CODE_SIGN_STYLE = Automatic;
				DEVELOPMENT_TEAM = 52FMEHS7ZM;
				INFOPLIST_FILE = StarsCommunityNewsTests/Info.plist;
				LD_RUNPATH_SEARCH_PATHS = (
					"$(inherited)",
					"@executable_path/Frameworks",
					"@loader_path/Frameworks",
				);
				PRODUCT_BUNDLE_IDENTIFIER = com.starsandstripes.starscommunitynews.StarsCommunityNewsTests;
				PRODUCT_NAME = "$(TARGET_NAME)";
				SWIFT_VERSION = 5.0;
				TARGETED_DEVICE_FAMILY = "1,2";
				TEST_HOST = "$(BUILT_PRODUCTS_DIR)/StarsCommunityNews.app/StarsCommunityNews";
			};
			name = Debug;
		};
		F183D73F22F25F02009EEF67 /* Release */ = {
			isa = XCBuildConfiguration;
			baseConfigurationReference = 173E96F00CEBB2EAA6BADB09 /* Pods-StarsCommunityNewsTests.release.xcconfig */;
			buildSettings = {
				ALWAYS_EMBED_SWIFT_STANDARD_LIBRARIES = YES;
				BUNDLE_LOADER = "$(TEST_HOST)";
				CODE_SIGN_STYLE = Automatic;
				DEVELOPMENT_TEAM = 52FMEHS7ZM;
				INFOPLIST_FILE = StarsCommunityNewsTests/Info.plist;
				LD_RUNPATH_SEARCH_PATHS = (
					"$(inherited)",
					"@executable_path/Frameworks",
					"@loader_path/Frameworks",
				);
				PRODUCT_BUNDLE_IDENTIFIER = com.starsandstripes.starscommunitynews.StarsCommunityNewsTests;
				PRODUCT_NAME = "$(TARGET_NAME)";
				SWIFT_VERSION = 5.0;
				TARGETED_DEVICE_FAMILY = "1,2";
				TEST_HOST = "$(BUILT_PRODUCTS_DIR)/StarsCommunityNews.app/StarsCommunityNews";
			};
			name = Release;
		};
		F183D74122F25F02009EEF67 /* Debug */ = {
			isa = XCBuildConfiguration;
			baseConfigurationReference = 9744C29540C7433698626D42 /* Pods-StarsCommunityNewsUITests.debug.xcconfig */;
			buildSettings = {
				ALWAYS_EMBED_SWIFT_STANDARD_LIBRARIES = YES;
				CODE_SIGN_STYLE = Automatic;
				DEVELOPMENT_TEAM = 52FMEHS7ZM;
				INFOPLIST_FILE = StarsCommunityNewsUITests/Info.plist;
				LD_RUNPATH_SEARCH_PATHS = (
					"$(inherited)",
					"@executable_path/Frameworks",
					"@loader_path/Frameworks",
				);
				PRODUCT_BUNDLE_IDENTIFIER = com.starsandstripes.starscommunitynews.StarsCommunityNewsUITests;
				PRODUCT_NAME = "$(TARGET_NAME)";
				SWIFT_VERSION = 5.0;
				TARGETED_DEVICE_FAMILY = "1,2";
				TEST_TARGET_NAME = StarsCommunityNews;
			};
			name = Debug;
		};
		F183D74222F25F02009EEF67 /* Release */ = {
			isa = XCBuildConfiguration;
			baseConfigurationReference = 1ACA57990D68A5ECA8EC6DCF /* Pods-StarsCommunityNewsUITests.release.xcconfig */;
			buildSettings = {
				ALWAYS_EMBED_SWIFT_STANDARD_LIBRARIES = YES;
				CODE_SIGN_STYLE = Automatic;
				DEVELOPMENT_TEAM = 52FMEHS7ZM;
				INFOPLIST_FILE = StarsCommunityNewsUITests/Info.plist;
				LD_RUNPATH_SEARCH_PATHS = (
					"$(inherited)",
					"@executable_path/Frameworks",
					"@loader_path/Frameworks",
				);
				PRODUCT_BUNDLE_IDENTIFIER = com.starsandstripes.starscommunitynews.StarsCommunityNewsUITests;
				PRODUCT_NAME = "$(TARGET_NAME)";
				SWIFT_VERSION = 5.0;
				TARGETED_DEVICE_FAMILY = "1,2";
				TEST_TARGET_NAME = StarsCommunityNews;
			};
			name = Release;
		};
/* End XCBuildConfiguration section */

/* Begin XCConfigurationList section */
		F183D70B22F25F01009EEF67 /* Build configuration list for PBXProject "StarsCommunityNews" */ = {
			isa = XCConfigurationList;
			buildConfigurations = (
				F183D73822F25F02009EEF67 /* Debug */,
				F183D73922F25F02009EEF67 /* Release */,
			);
			defaultConfigurationIsVisible = 0;
			defaultConfigurationName = Release;
		};
		F183D73A22F25F02009EEF67 /* Build configuration list for PBXNativeTarget "StarsCommunityNews" */ = {
			isa = XCConfigurationList;
			buildConfigurations = (
				F183D73B22F25F02009EEF67 /* Debug */,
				F183D73C22F25F02009EEF67 /* Release */,
			);
			defaultConfigurationIsVisible = 0;
			defaultConfigurationName = Release;
		};
		F183D73D22F25F02009EEF67 /* Build configuration list for PBXNativeTarget "StarsCommunityNewsTests" */ = {
			isa = XCConfigurationList;
			buildConfigurations = (
				F183D73E22F25F02009EEF67 /* Debug */,
				F183D73F22F25F02009EEF67 /* Release */,
			);
			defaultConfigurationIsVisible = 0;
			defaultConfigurationName = Release;
		};
		F183D74022F25F02009EEF67 /* Build configuration list for PBXNativeTarget "StarsCommunityNewsUITests" */ = {
			isa = XCConfigurationList;
			buildConfigurations = (
				F183D74122F25F02009EEF67 /* Debug */,
				F183D74222F25F02009EEF67 /* Release */,
			);
			defaultConfigurationIsVisible = 0;
			defaultConfigurationName = Release;
		};
/* End XCConfigurationList section */
	};
	rootObject = F183D70822F25F01009EEF67 /* Project object */;
}
